
Microsoft Visual Studio Solution File, Format Version 12.00
# Visual Studio Version 17
VisualStudioVersion = 17.7.34009.444
MinimumVisualStudioVersion = 10.0.40219.1
Project("{FAE04EC0-301F-11D3-BF4B-00C04F79EFBC}") = "login", "login\login.csproj", "{0CEC2F15-4F2E-44A9-9DAF-71499CDC4FEE}"
EndProject
Global
	GlobalSection(SolutionConfigurationPlatforms) = preSolution
		Debug|Any CPU = Debug|Any CPU
		Release|Any CPU = Release|Any CPU
	EndGlobalSection
	GlobalSection(ProjectConfigurationPlatforms) = postSolution
		{0CEC2F15-4F2E-44A9-9DAF-71499CDC4FEE}.Debug|Any CPU.ActiveCfg = Debug|Any CPU
		{0CEC2F15-4F2E-44A9-9DAF-71499CDC4FEE}.Debug|Any CPU.Build.0 = Debug|Any CPU
		{0CEC2F15-4F2E-44A9-9DAF-71499CDC4FEE}.Release|Any CPU.ActiveCfg = Release|Any CPU
		{0CEC2F15-4F2E-44A9-9DAF-71499CDC4FEE}.Release|Any CPU.Build.0 = Release|Any CPU
	EndGlobalSection
	GlobalSection(SolutionProperties) = preSolution
		HideSolutionNode = FALSE
	EndGlobalSection
	GlobalSection(ExtensibilityGlobals) = postSolution
		SolutionGuid = {DF8F897B-908B-49CD-9481-A894B11ED6DB}
	EndGlobalSection
EndGlobal
